// !$*UTF8*$!
{
	archiveVersion = 1;
	classes = {
	};
	objectVersion = 50;
	objects = {

/* Begin PBXBuildFile section */
		5BDE4E492810C32B00BE0DFD /* AppDelegate.swift in Sources */ = {isa = PBXBuildFile; fileRef = 5BDE4E482810C32B00BE0DFD /* AppDelegate.swift */; };
		5BDE4E4B2810C32B00BE0DFD /* SceneDelegate.swift in Sources */ = {isa = PBXBuildFile; fileRef = 5BDE4E4A2810C32B00BE0DFD /* SceneDelegate.swift */; };
		5BDE4E4D2810C32B00BE0DFD /* ViewController.swift in Sources */ = {isa = PBXBuildFile; fileRef = 5BDE4E4C2810C32B00BE0DFD /* ViewController.swift */; };
		5BDE4E502810C32B00BE0DFD /* Main.storyboard in Resources */ = {isa = PBXBuildFile; fileRef = 5BDE4E4E2810C32B00BE0DFD /* Main.storyboard */; };
		5BDE4E522810C33400BE0DFD /* Assets.xcassets in Resources */ = {isa = PBXBuildFile; fileRef = 5BDE4E512810C33400BE0DFD /* Assets.xcassets */; };
		5BDE4E552810C33400BE0DFD /* LaunchScreen.storyboard in Resources */ = {isa = PBXBuildFile; fileRef = 5BDE4E532810C33400BE0DFD /* LaunchScreen.storyboard */; };
		5BDE4E602810C55700BE0DFD /* PlayingCard.swift in Sources */ = {isa = PBXBuildFile; fileRef = 5BDE4E5F2810C55700BE0DFD /* PlayingCard.swift */; };
		5BDE4E622810C85800BE0DFD /* PlayingCardDeck.swift in Sources */ = {isa = PBXBuildFile; fileRef = 5BDE4E612810C85800BE0DFD /* PlayingCardDeck.swift */; };
		5BDE4E642812023100BE0DFD /* PlayingCardView.swift in Sources */ = {isa = PBXBuildFile; fileRef = 5BDE4E632812023100BE0DFD /* PlayingCardView.swift */; };
		5BE3AF3128315E66000C9A3C /* CardBehavior.swift in Sources */ = {isa = PBXBuildFile; fileRef = 5BE3AF3028315E65000C9A3C /* CardBehavior.swift */; };
/* End PBXBuildFile section */

/* Begin PBXFileReference section */
		5BDE4E452810C32B00BE0DFD /* PlayingCard.app */ = {isa = PBXFileReference; explicitFileType = wrapper.application; includeInIndex = 0; path = PlayingCard.app; sourceTree = BUILT_PRODUCTS_DIR; };
		5BDE4E482810C32B00BE0DFD /* AppDelegate.swift */ = {isa = PBXFileReference; lastKnownFileType = sourcecode.swift; path = AppDelegate.swift; sourceTree = "<group>"; };
		5BDE4E4A2810C32B00BE0DFD /* SceneDelegate.swift */ = {isa = PBXFileReference; lastKnownFileType = sourcecode.swift; path = SceneDelegate.swift; sourceTree = "<group>"; };
		5BDE4E4C2810C32B00BE0DFD /* ViewController.swift */ = {isa = PBXFileReference; lastKnownFileType = sourcecode.swift; path = ViewController.swift; sourceTree = "<group>"; };
		5BDE4E4F2810C32B00BE0DFD /* Base */ = {isa = PBXFileReference; lastKnownFileType = file.storyboard; name = Base; path = Base.lproj/Main.storyboard; sourceTree = "<group>"; };
		5BDE4E512810C33400BE0DFD /* Assets.xcassets */ = {isa = PBXFileReference; lastKnownFileType = folder.assetcatalog; path = Assets.xcassets; sourceTree = "<group>"; };
		5BDE4E542810C33400BE0DFD /* Base */ = {isa = PBXFileReference; lastKnownFileType = file.storyboard; name = Base; path = Base.lproj/LaunchScreen.storyboard; sourceTree = "<group>"; };
		5BDE4E562810C33400BE0DFD /* Info.plist */ = {isa = PBXFileReference; lastKnownFileType = text.plist.xml; path = Info.plist; sourceTree = "<group>"; };
		5BDE4E5F2810C55700BE0DFD /* PlayingCard.swift */ = {isa = PBXFileReference; lastKnownFileType = sourcecode.swift; path = PlayingCard.swift; sourceTree = "<group>"; };
		5BDE4E612810C85800BE0DFD /* PlayingCardDeck.swift */ = {isa = PBXFileReference; lastKnownFileType = sourcecode.swift; path = PlayingCardDeck.swift; sourceTree = "<group>"; };
		5BDE4E632812023100BE0DFD /* PlayingCardView.swift */ = {isa = PBXFileReference; lastKnownFileType = sourcecode.swift; path = PlayingCardView.swift; sourceTree = "<group>"; };
		5BE3AF3028315E65000C9A3C /* CardBehavior.swift */ = {isa = PBXFileReference; lastKnownFileType = sourcecode.swift; path = CardBehavior.swift; sourceTree = "<group>"; };
/* End PBXFileReference section */

/* Begin PBXFrameworksBuildPhase section */
		5BDE4E422810C32B00BE0DFD /* Frameworks */ = {
			isa = PBXFrameworksBuildPhase;
			buildActionMask = 2147483647;
			files = (
			);
			runOnlyForDeploymentPostprocessing = 0;
		};
/* End PBXFrameworksBuildPhase section */

/* Begin PBXGroup section */
		5BDE4E3C2810C32B00BE0DFD = {
			isa = PBXGroup;
			children = (
				5BDE4E472810C32B00BE0DFD /* PlayingCard */,
				5BDE4E462810C32B00BE0DFD /* Products */,
			);
			sourceTree = "<group>";
		};
		5BDE4E462810C32B00BE0DFD /* Products */ = {
			isa = PBXGroup;
			children = (
				5BDE4E452810C32B00BE0DFD /* PlayingCard.app */,
			);
			name = Products;
			sourceTree = "<group>";
		};
		5BDE4E472810C32B00BE0DFD /* PlayingCard */ = {
			isa = PBXGroup;
			children = (
				5BDE4E4C2810C32B00BE0DFD /* ViewController.swift */,
				5BE3AF3028315E65000C9A3C /* CardBehavior.swift */,
				5BDE4E632812023100BE0DFD /* PlayingCardView.swift */,
				5BDE4E5F2810C55700BE0DFD /* PlayingCard.swift */,
				5BDE4E612810C85800BE0DFD /* PlayingCardDeck.swift */,
				5BDE4E4E2810C32B00BE0DFD /* Main.storyboard */,
				5BDE4E512810C33400BE0DFD /* Assets.xcassets */,
				5BDE4E5C2810C35100BE0DFD /* Supporing files */,
				5BDE4E562810C33400BE0DFD /* Info.plist */,
			);
			path = PlayingCard;
			sourceTree = "<group>";
		};
		5BDE4E5C2810C35100BE0DFD /* Supporing files */ = {
			isa = PBXGroup;
			children = (
				5BDE4E532810C33400BE0DFD /* LaunchScreen.storyboard */,
				5BDE4E482810C32B00BE0DFD /* AppDelegate.swift */,
				5BDE4E4A2810C32B00BE0DFD /* SceneDelegate.swift */,
			);
			name = "Supporing files";
			sourceTree = "<group>";
		};
/* End PBXGroup section */

/* Begin PBXNativeTarget section */
		5BDE4E442810C32B00BE0DFD /* PlayingCard */ = {
			isa = PBXNativeTarget;
			buildConfigurationList = 5BDE4E592810C33400BE0DFD /* Build configuration list for PBXNativeTarget "PlayingCard" */;
			buildPhases = (
				5BDE4E412810C32B00BE0DFD /* Sources */,
				5BDE4E422810C32B00BE0DFD /* Frameworks */,
				5BDE4E432810C32B00BE0DFD /* Resources */,
			);
			buildRules = (
			);
			dependencies = (
			);
			name = PlayingCard;
			productName = PlayingCard;
			productReference = 5BDE4E452810C32B00BE0DFD /* PlayingCard.app */;
			productType = "com.apple.product-type.application";
		};
/* End PBXNativeTarget section */

/* Begin PBXProject section */
		5BDE4E3D2810C32B00BE0DFD /* Project object */ = {
			isa = PBXProject;
			attributes = {
				LastSwiftUpdateCheck = 1250;
				LastUpgradeCheck = 1250;
				TargetAttributes = {
					5BDE4E442810C32B00BE0DFD = {
						CreatedOnToolsVersion = 12.5;
					};
				};
			};
			buildConfigurationList = 5BDE4E402810C32B00BE0DFD /* Build configuration list for PBXProject "PlayingCard" */;
			compatibilityVersion = "Xcode 9.3";
			developmentRegion = en;
			hasScannedForEncodings = 0;
			knownRegions = (
				en,
				Base,
			);
			mainGroup = 5BDE4E3C2810C32B00BE0DFD;
			productRefGroup = 5BDE4E462810C32B00BE0DFD /* Products */;
			projectDirPath = "";
			projectRoot = "";
			targets = (
				5BDE4E442810C32B00BE0DFD /* PlayingCard */,
			);
		};
/* End PBXProject section */

/* Begin PBXResourcesBuildPhase section */
		5BDE4E432810C32B00BE0DFD /* Resources */ = {
			isa = PBXResourcesBuildPhase;
			buildActionMask = 2147483647;
			files = (
				5BDE4E552810C33400BE0DFD /* LaunchScreen.storyboard in Resources */,
				5BDE4E522810C33400BE0DFD /* Assets.xcassets in Resources */,
				5BDE4E502810C32B00BE0DFD /* Main.storyboard in Resources */,
			);
			runOnlyForDeploymentPostprocessing = 0;
		};
/* End PBXResourcesBuildPhase section */

/* Begin PBXSourcesBuildPhase section */
		5BDE4E412810C32B00BE0DFD /* Sources */ = {
			isa = PBXSourcesBuildPhase;
			buildActionMask = 2147483647;
			files = (
				5BDE4E4D2810C32B00BE0DFD /* ViewController.swift in Sources */,
				5BDE4E642812023100BE0DFD /* PlayingCardView.swift in Sources */,
				5BDE4E492810C32B00BE0DFD /* AppDelegate.swift in Sources */,
				5BDE4E622810C85800BE0DFD /* PlayingCardDeck.swift in Sources */,
				5BDE4E602810C55700BE0DFD /* PlayingCard.swift in Sources */,
				5BDE4E4B2810C32B00BE0DFD /* SceneDelegate.swift in Sources */,
				5BE3AF3128315E66000C9A3C /* CardBehavior.swift in Sources */,
			);
			runOnlyForDeploymentPostprocessing = 0;
		};
/* End PBXSourcesBuildPhase section */

/* Begin PBXVariantGroup section */
		5BDE4E4E2810C32B00BE0DFD /* Main.storyboard */ = {
			isa = PBXVariantGroup;
			children = (
				5BDE4E4F2810C32B00BE0DFD /* Base */,
			);
			name = Main.storyboard;
			sourceTree = "<group>";
		};
		5BDE4E532810C33400BE0DFD /* LaunchScreen.storyboard */ = {
			isa = PBXVariantGroup;
			children = (
				5BDE4E542810C33400BE0DFD /* Base */,
			);
			name = LaunchScreen.storyboard;
			sourceTree = "<group>";
		};
/* End PBXVariantGroup section */

/* Begin XCBuildConfiguration section */
		5BDE4E572810C33400BE0DFD /* Debug */ = {
			isa = XCBuildConfiguration;
			buildSettings = {
				ALWAYS_SEARCH_USER_PATHS = NO;
				CLANG_ANALYZER_NONNULL = YES;
				CLANG_ANALYZER_NUMBER_OBJECT_CONVERSION = YES_AGGRESSIVE;
				CLANG_CXX_LANGUAGE_STANDARD = "gnu++14";
				CLANG_CXX_LIBRARY = "libc++";
				CLANG_ENABLE_MODULES = YES;
				CLANG_ENABLE_OBJC_ARC = YES;
				CLANG_ENABLE_OBJC_WEAK = YES;
				CLANG_WARN_BLOCK_CAPTURE_AUTORELEASING = YES;
				CLANG_WARN_BOOL_CONVERSION = YES;
				CLANG_WARN_COMMA = YES;
				CLANG_WARN_CONSTANT_CONVERSION = YES;
				CLANG_WARN_DEPRECATED_OBJC_IMPLEMENTATIONS = YES;
				CLANG_WARN_DIRECT_OBJC_ISA_USAGE = YES_ERROR;
				CLANG_WARN_DOCUMENTATION_COMMENTS = YES;
				CLANG_WARN_EMPTY_BODY = YES;
				CLANG_WARN_ENUM_CONVERSION = YES;
				CLANG_WARN_INFINITE_RECURSION = YES;
				CLANG_WARN_INT_CONVERSION = YES;
				CLANG_WARN_NON_LITERAL_NULL_CONVERSION = YES;
				CLANG_WARN_OBJC_IMPLICIT_RETAIN_SELF = YES;
				CLANG_WARN_OBJC_LITERAL_CONVERSION = YES;
				CLANG_WARN_OBJC_ROOT_CLASS = YES_ERROR;
				CLANG_WARN_QUOTED_INCLUDE_IN_FRAMEWORK_HEADER = YES;
				CLANG_WARN_RANGE_LOOP_ANALYSIS = YES;
				CLANG_WARN_STRICT_PROTOTYPES = YES;
				CLANG_WARN_SUSPICIOUS_MOVE = YES;
				CLANG_WARN_UNGUARDED_AVAILABILITY = YES_AGGRESSIVE;
				CLANG_WARN_UNREACHABLE_CODE = YES;
				CLANG_WARN__DUPLICATE_METHOD_MATCH = YES;
				COPY_PHASE_STRIP = NO;
				DEBUG_INFORMATION_FORMAT = dwarf;
				ENABLE_STRICT_OBJC_MSGSEND = YES;
				ENABLE_TESTABILITY = YES;
				GCC_C_LANGUAGE_STANDARD = gnu11;
				GCC_DYNAMIC_NO_PIC = NO;
				GCC_NO_COMMON_BLOCKS = YES;
				GCC_OPTIMIZATION_LEVEL = 0;
				GCC_PREPROCESSOR_DEFINITIONS = (
					"DEBUG=1",
					"$(inherited)",
				);
				GCC_WARN_64_TO_32_BIT_CONVERSION = YES;
				GCC_WARN_ABOUT_RETURN_TYPE = YES_ERROR;
				GCC_WARN_UNDECLARED_SELECTOR = YES;
				GCC_WARN_UNINITIALIZED_AUTOS = YES_AGGRESSIVE;
				GCC_WARN_UNUSED_FUNCTION = YES;
				GCC_WARN_UNUSED_VARIABLE = YES;
				IPHONEOS_DEPLOYMENT_TARGET = 14.5;
				MTL_ENABLE_DEBUG_INFO = INCLUDE_SOURCE;
				MTL_FAST_MATH = YES;
				ONLY_ACTIVE_ARCH = YES;
				SDKROOT = iphoneos;
				SWIFT_ACTIVE_COMPILATION_CONDITIONS = DEBUG;
				SWIFT_OPTIMIZATION_LEVEL = "-Onone";
			};
			name = Debug;
		};
		5BDE4E582810C33400BE0DFD /* Release */ = {
			isa = XCBuildConfiguration;
			buildSettings = {
				ALWAYS_SEARCH_USER_PATHS = NO;
				CLANG_ANALYZER_NONNULL = YES;
				CLANG_ANALYZER_NUMBER_OBJECT_CONVERSION = YES_AGGRESSIVE;
				CLANG_CXX_LANGUAGE_STANDARD = "gnu++14";
				CLANG_CXX_LIBRARY = "libc++";
				CLANG_ENABLE_MODULES = YES;
				CLANG_ENABLE_OBJC_ARC = YES;
				CLANG_ENABLE_OBJC_WEAK = YES;
				CLANG_WARN_BLOCK_CAPTURE_AUTORELEASING = YES;
				CLANG_WARN_BOOL_CONVERSION = YES;
				CLANG_WARN_COMMA = YES;
				CLANG_WARN_CONSTANT_CONVERSION = YES;
				CLANG_WARN_DEPRECATED_OBJC_IMPLEMENTATIONS = YES;
				CLANG_WARN_DIRECT_OBJC_ISA_USAGE = YES_ERROR;
				CLANG_WARN_DOCUMENTATION_COMMENTS = YES;
				CLANG_WARN_EMPTY_BODY = YES;
				CLANG_WARN_ENUM_CONVERSION = YES;
				CLANG_WARN_INFINITE_RECURSION = YES;
				CLANG_WARN_INT_CONVERSION = YES;
				CLANG_WARN_NON_LITERAL_NULL_CONVERSION = YES;
				CLANG_WARN_OBJC_IMPLICIT_RETAIN_SELF = YES;
				CLANG_WARN_OBJC_LITERAL_CONVERSION = YES;
				CLANG_WARN_OBJC_ROOT_CLASS = YES_ERROR;
				CLANG_WARN_QUOTED_INCLUDE_IN_FRAMEWORK_HEADER = YES;
				CLANG_WARN_RANGE_LOOP_ANALYSIS = YES;
				CLANG_WARN_STRICT_PROTOTYPES = YES;
				CLANG_WARN_SUSPICIOUS_MOVE = YES;
				CLANG_WARN_UNGUARDED_AVAILABILITY = YES_AGGRESSIVE;
				CLANG_WARN_UNREACHABLE_CODE = YES;
				CLANG_WARN__DUPLICATE_METHOD_MATCH = YES;
				COPY_PHASE_STRIP = NO;
				DEBUG_INFORMATION_FORMAT = "dwarf-with-dsym";
				ENABLE_NS_ASSERTIONS = NO;
				ENABLE_STRICT_OBJC_MSGSEND = YES;
				GCC_C_LANGUAGE_STANDARD = gnu11;
				GCC_NO_COMMON_BLOCKS = YES;
				GCC_WARN_64_TO_32_BIT_CONVERSION = YES;
				GCC_WARN_ABOUT_RETURN_TYPE = YES_ERROR;
				GCC_WARN_UNDECLARED_SELECTOR = YES;
				GCC_WARN_UNINITIALIZED_AUTOS = YES_AGGRESSIVE;
				GCC_WARN_UNUSED_FUNCTION = YES;
				GCC_WARN_UNUSED_VARIABLE = YES;
				IPHONEOS_DEPLOYMENT_TARGET = 14.5;
				MTL_ENABLE_DEBUG_INFO = NO;
				MTL_FAST_MATH = YES;
				SDKROOT = iphoneos;
				SWIFT_COMPILATION_MODE = wholemodule;
				SWIFT_OPTIMIZATION_LEVEL = "-O";
				VALIDATE_PRODUCT = YES;
			};
			name = Release;
		};
		5BDE4E5A2810C33400BE0DFD /* Debug */ = {
			isa = XCBuildConfiguration;
			buildSettings = {
				ASSETCATALOG_COMPILER_APPICON_NAME = AppIcon;
				ASSETCATALOG_COMPILER_GLOBAL_ACCENT_COLOR_NAME = AccentColor;
				CODE_SIGN_STYLE = Automatic;
				DEVELOPMENT_TEAM = LS9KCLNUZN;
				INFOPLIST_FILE = PlayingCard/Info.plist;
				LD_RUNPATH_SEARCH_PATHS = (
					"$(inherited)",
					"@executable_path/Frameworks",
				);
				PRODUCT_BUNDLE_IDENTIFIER = dev.SergeyZlobin1988.PlayingCard;
				PRODUCT_NAME = "$(TARGET_NAME)";
				SWIFT_VERSION = 5.0;
				TARGETED_DEVICE_FAMILY = "1,2";
			};
			name = Debug;
		};
		5BDE4E5B2810C33400BE0DFD /* Release */ = {
			isa = XCBuildConfiguration;
			buildSettings = {
				ASSETCATALOG_COMPILER_APPICON_NAME = AppIcon;
				ASSETCATALOG_COMPILER_GLOBAL_ACCENT_COLOR_NAME = AccentColor;
				CODE_SIGN_STYLE = Automatic;
				DEVELOPMENT_TEAM = LS9KCLNUZN;
				INFOPLIST_FILE = PlayingCard/Info.plist;
				LD_RUNPATH_SEARCH_PATHS = (
					"$(inherited)",
					"@executable_path/Frameworks",
				);
				PRODUCT_BUNDLE_IDENTIFIER = dev.SergeyZlobin1988.PlayingCard;
				PRODUCT_NAME = "$(TARGET_NAME)";
				SWIFT_VERSION = 5.0;
				TARGETED_DEVICE_FAMILY = "1,2";
			};
			name = Release;
		};
/* End XCBuildConfiguration section */

/* Begin XCConfigurationList section */
		5BDE4E402810C32B00BE0DFD /* Build configuration list for PBXProject "PlayingCard" */ = {
			isa = XCConfigurationList;
			buildConfigurations = (
				5BDE4E572810C33400BE0DFD /* Debug */,
				5BDE4E582810C33400BE0DFD /* Release */,
			);
			defaultConfigurationIsVisible = 0;
			defaultConfigurationName = Release;
		};
		5BDE4E592810C33400BE0DFD /* Build configuration list for PBXNativeTarget "PlayingCard" */ = {
			isa = XCConfigurationList;
			buildConfigurations = (
				5BDE4E5A2810C33400BE0DFD /* Debug */,
				5BDE4E5B2810C33400BE0DFD /* Release */,
			);
			defaultConfigurationIsVisible = 0;
			defaultConfigurationName = Release;
		};
/* End XCConfigurationList section */
	};
	rootObject = 5BDE4E3D2810C32B00BE0DFD /* Project object */;
}
